
Microsoft Visual Studio Solution File, Format Version 12.00
# Visual Studio Version 16
VisualStudioVersion = 16.0.31205.134
MinimumVisualStudioVersion = 10.0.40219.1
Project("{8BC9CEB8-8B4A-11D0-8D11-00A0C91BC942}") = "SoftwareQualityAndReliability", "SoftwareQualityAndReliability\SoftwareQualityAndReliability.vcxproj", "{0219FF69-EEC6-44C4-8005-F99522217FFB}"
EndProject
Project("{8BC9CEB8-8B4A-11D0-8D11-00A0C91BC942}") = "Test_copyData", "Test_copyData\Test_copyData.vcxproj", "{46B23FA6-44C9-462E-84F6-97818288568A}"
EndProject
Project("{8BC9CEB8-8B4A-11D0-8D11-00A0C91BC942}") = "Test_selectMethodFromTheProgramm", "Test_selectMethodFromTheProgramm\Test_selectMethodFromTheProgramm.vcxproj", "{DCB84A1C-3FE0-4629-B892-2271FCF46378}"
EndProject
Project("{8BC9CEB8-8B4A-11D0-8D11-00A0C91BC942}") = "Test_selectInterfaceFromTheProgramm", "Test_selectInterfaceFromTheProgramm\Test_selectInterfaceFromTheProgramm.vcxproj", "{6A22F78F-BBCE-416B-82F9-1819F1BA2E0A}"
EndProject
Project("{8BC9CEB8-8B4A-11D0-8D11-00A0C91BC942}") = "Test_selectClassFromTheProgramm", "Test_selectClassFromTheProgramm\Test_selectClassFromTheProgramm.vcxproj", "{D7CFABFF-BB97-4238-BBED-70003E23740A}"
EndProject
Project("{8BC9CEB8-8B4A-11D0-8D11-00A0C91BC942}") = "Test_formingXMLDocument", "Test_formingXMLDocument\Test_formingXMLDocument.vcxproj", "{08FC6CDF-ABD8-4CE2-A6FF-921A35813709}"
EndProject
Global
	GlobalSection(SolutionConfigurationPlatforms) = preSolution
		Debug|x64 = Debug|x64
		Debug|x86 = Debug|x86
		Release|x64 = Release|x64
		Release|x86 = Release|x86
	EndGlobalSection
	GlobalSection(ProjectConfigurationPlatforms) = postSolution
		{0219FF69-EEC6-44C4-8005-F99522217FFB}.Debug|x64.ActiveCfg = Debug|x64
		{0219FF69-EEC6-44C4-8005-F99522217FFB}.Debug|x64.Build.0 = Debug|x64
		{0219FF69-EEC6-44C4-8005-F99522217FFB}.Debug|x86.ActiveCfg = Debug|Win32
		{0219FF69-EEC6-44C4-8005-F99522217FFB}.Debug|x86.Build.0 = Debug|Win32
		{0219FF69-EEC6-44C4-8005-F99522217FFB}.Release|x64.ActiveCfg = Release|x64
		{0219FF69-EEC6-44C4-8005-F99522217FFB}.Release|x64.Build.0 = Release|x64
		{0219FF69-EEC6-44C4-8005-F99522217FFB}.Release|x86.ActiveCfg = Release|Win32
		{0219FF69-EEC6-44C4-8005-F99522217FFB}.Release|x86.Build.0 = Release|Win32
		{46B23FA6-44C9-462E-84F6-97818288568A}.Debug|x64.ActiveCfg = Debug|x64
		{46B23FA6-44C9-462E-84F6-97818288568A}.Debug|x64.Build.0 = Debug|x64
		{46B23FA6-44C9-462E-84F6-97818288568A}.Debug|x86.ActiveCfg = Debug|Win32
		{46B23FA6-44C9-462E-84F6-97818288568A}.Debug|x86.Build.0 = Debug|Win32
		{46B23FA6-44C9-462E-84F6-97818288568A}.Release|x64.ActiveCfg = Release|x64
		{46B23FA6-44C9-462E-84F6-97818288568A}.Release|x64.Build.0 = Release|x64
		{46B23FA6-44C9-462E-84F6-97818288568A}.Release|x86.ActiveCfg = Release|Win32
		{46B23FA6-44C9-462E-84F6-97818288568A}.Release|x86.Build.0 = Release|Win32
		{DCB84A1C-3FE0-4629-B892-2271FCF46378}.Debug|x64.ActiveCfg = Debug|x64
		{DCB84A1C-3FE0-4629-B892-2271FCF46378}.Debug|x64.Build.0 = Debug|x64
		{DCB84A1C-3FE0-4629-B892-2271FCF46378}.Debug|x86.ActiveCfg = Debug|Win32
		{DCB84A1C-3FE0-4629-B892-2271FCF46378}.Debug|x86.Build.0 = Debug|Win32
		{DCB84A1C-3FE0-4629-B892-2271FCF46378}.Release|x64.ActiveCfg = Release|x64
		{DCB84A1C-3FE0-4629-B892-2271FCF46378}.Release|x64.Build.0 = Release|x64
		{DCB84A1C-3FE0-4629-B892-2271FCF46378}.Release|x86.ActiveCfg = Release|Win32
		{DCB84A1C-3FE0-4629-B892-2271FCF46378}.Release|x86.Build.0 = Release|Win32
		{6A22F78F-BBCE-416B-82F9-1819F1BA2E0A}.Debug|x64.ActiveCfg = Debug|x64
		{6A22F78F-BBCE-416B-82F9-1819F1BA2E0A}.Debug|x64.Build.0 = Debug|x64
		{6A22F78F-BBCE-416B-82F9-1819F1BA2E0A}.Debug|x86.ActiveCfg = Debug|Win32
		{6A22F78F-BBCE-416B-82F9-1819F1BA2E0A}.Debug|x86.Build.0 = Debug|Win32
		{6A22F78F-BBCE-416B-82F9-1819F1BA2E0A}.Release|x64.ActiveCfg = Release|x64
		{6A22F78F-BBCE-416B-82F9-1819F1BA2E0A}.Release|x64.Build.0 = Release|x64
		{6A22F78F-BBCE-416B-82F9-1819F1BA2E0A}.Release|x86.ActiveCfg = Release|Win32
		{6A22F78F-BBCE-416B-82F9-1819F1BA2E0A}.Release|x86.Build.0 = Release|Win32
		{D7CFABFF-BB97-4238-BBED-70003E23740A}.Debug|x64.ActiveCfg = Debug|x64
		{D7CFABFF-BB97-4238-BBED-70003E23740A}.Debug|x64.Build.0 = Debug|x64
		{D7CFABFF-BB97-4238-BBED-70003E23740A}.Debug|x86.ActiveCfg = Debug|Win32
		{D7CFABFF-BB97-4238-BBED-70003E23740A}.Debug|x86.Build.0 = Debug|Win32
		{D7CFABFF-BB97-4238-BBED-70003E23740A}.Release|x64.ActiveCfg = Release|x64
		{D7CFABFF-BB97-4238-BBED-70003E23740A}.Release|x64.Build.0 = Release|x64
		{D7CFABFF-BB97-4238-BBED-70003E23740A}.Release|x86.ActiveCfg = Release|Win32
		{D7CFABFF-BB97-4238-BBED-70003E23740A}.Release|x86.Build.0 = Release|Win32
		{08FC6CDF-ABD8-4CE2-A6FF-921A35813709}.Debug|x64.ActiveCfg = Debug|x64
		{08FC6CDF-ABD8-4CE2-A6FF-921A35813709}.Debug|x64.Build.0 = Debug|x64
		{08FC6CDF-ABD8-4CE2-A6FF-921A35813709}.Debug|x86.ActiveCfg = Debug|Win32
		{08FC6CDF-ABD8-4CE2-A6FF-921A35813709}.Debug|x86.Build.0 = Debug|Win32
		{08FC6CDF-ABD8-4CE2-A6FF-921A35813709}.Release|x64.ActiveCfg = Release|x64
		{08FC6CDF-ABD8-4CE2-A6FF-921A35813709}.Release|x64.Build.0 = Release|x64
		{08FC6CDF-ABD8-4CE2-A6FF-921A35813709}.Release|x86.ActiveCfg = Release|Win32
		{08FC6CDF-ABD8-4CE2-A6FF-921A35813709}.Release|x86.Build.0 = Release|Win32
	EndGlobalSection
	GlobalSection(SolutionProperties) = preSolution
		HideSolutionNode = FALSE
	EndGlobalSection
	GlobalSection(ExtensibilityGlobals) = postSolution
		SolutionGuid = {F5DF463C-C13E-44F3-9AF3-D4FBCC2CCD72}
	EndGlobalSection
EndGlobal
